
Microsoft Visual Studio Solution File, Format Version 12.00
# Visual Studio Version 18
VisualStudioVersion = 18.5.11723.231 stable
MinimumVisualStudioVersion = 10.0.40219.1
Project("{FAE04EC0-301F-11D3-BF4B-00C04F79EFBC}") = "CacheViewVaryByDimensions", "CacheViewVaryByDimensions.csproj", "{C85CE616-588F-475B-EB5A-C949B2763377}"
EndProject
Global
	GlobalSection(SolutionConfigurationPlatforms) = preSolution
		Debug|Any CPU = Debug|Any CPU
		Release|Any CPU = Release|Any CPU
	EndGlobalSection
	GlobalSection(ProjectConfigurationPlatforms) = postSolution
		{C85CE616-588F-475B-EB5A-C949B2763377}.Debug|Any CPU.ActiveCfg = Debug|Any CPU
		{C85CE616-588F-475B-EB5A-C949B2763377}.Debug|Any CPU.Build.0 = Debug|Any CPU
		{C85CE616-588F-475B-EB5A-C949B2763377}.Release|Any CPU.ActiveCfg = Release|Any CPU
		{C85CE616-588F-475B-EB5A-C949B2763377}.Release|Any CPU.Build.0 = Release|Any CPU
	EndGlobalSection
	GlobalSection(SolutionProperties) = preSolution
		HideSolutionNode = FALSE
	EndGlobalSection
	GlobalSection(ExtensibilityGlobals) = postSolution
		SolutionGuid = {20C1AD63-9D22-4B47-9F6E-93D01A49D3D4}
	EndGlobalSection
EndGlobal
